# THIS IS AN AUTOGENERATED FILE. DO NOT EDIT THIS FILE DIRECTLY.
# yarn lockfile v1


inline-webassembly@^1.0.6:
  version "1.0.6"
  resolved "https://registry.yarnpkg.com/inline-webassembly/-/inline-webassembly-1.0.6.tgz#f9f822aff9c2b7eea4d06fba5beb9c175f5b3fa4"
  integrity sha512-uJtiB6LFqYcwbItBrjqjoy2/b6otFRc/PDUbkkfvkIPk5hgqbSfzNvK0+NxuQH0IwRh/+QQ8zJVdIMaVCESvew==
  dependencies:
    wabt "^1.0.12"

wabt@^1.0.12:
  version "1.0.20"
  resolved "https://registry.yarnpkg.com/wabt/-/wabt-1.0.20.tgz#f8a6bf88bb439c881c42c39afb05e05cf29acf00"
  integrity sha512-chkTTrB1XolSLs6lBk7/U5oXaxUMECeJOiMuiTHYgC8BS0EToJGFXuL5Dgggv2S+SS78GQ8YPovRrmUwT7pOlQ==
